// !$*UTF8*$!
{
	archiveVersion = 1;
	classes = {
	};
	objectVersion = 77;
	objects = {

/* Begin PBXBuildFile section */
		01A8AEC059C1A4D61340EAB5 /* ProfileView.swift in Sources */ = {isa = PBXBuildFile; fileRef = A0EF2F1C21B891438C1DAF91 /* ProfileView.swift */; };
		01AF1E84E1E39FDEDE63AF92 /* LlmModel.swift in Sources */ = {isa = PBXBuildFile; fileRef = 9B6CE33C2217655B2170B5F3 /* LlmModel.swift */; };
		1D22451B85DD4655BFC0D891 /* RootTabBar.swift in Sources */ = {isa = PBXBuildFile; fileRef = B3956722F5CD9FC2607E738A /* RootTabBar.swift */; };
		23F467865BB541A745FA9322 /* AccentPalette.swift in Sources */ = {isa = PBXBuildFile; fileRef = DB51DAEEE790AFEA4D8A659B /* AccentPalette.swift */; };
		26A08E6364A8DE4F54636D29 /* ThemeStore.swift in Sources */ = {isa = PBXBuildFile; fileRef = C7A09FCFDA785F5BCECCFC73 /* ThemeStore.swift */; };
		2779E2EB32F85742922E9932 /* HomeCardGrid.swift in Sources */ = {isa = PBXBuildFile; fileRef = 81C5B019F4524ED6129C8297 /* HomeCardGrid.swift */; };
		2984AA64204BC95B478A7D30 /* ReframeService.swift in Sources */ = {isa = PBXBuildFile; fileRef = 40B602E536EA39A5C8524CE6 /* ReframeService.swift */; };
		2EB391598577F25425C75DFF /* Angles.icon in Resources */ = {isa = PBXBuildFile; fileRef = 277F500C2565CC7DF5621C5A /* Angles.icon */; };
		327D88731148A1E04A936513 /* ReframeCardView.swift in Sources */ = {isa = PBXBuildFile; fileRef = B05847EC66A8A1B53179B539 /* ReframeCardView.swift */; };
		3757699E99EFAA8E1CC7BC52 /* ReframeModels.swift in Sources */ = {isa = PBXBuildFile; fileRef = F2D55F6643C769B38928FD8B /* ReframeModels.swift */; };
		475145B436D0C0DA04FC256B /* CircleIcon.swift in Sources */ = {isa = PBXBuildFile; fileRef = A8FD8BC5000AAF5A8F714129 /* CircleIcon.swift */; };
		48DB5A27A5D5F15D823FF1E3 /* AnglesApp.swift in Sources */ = {isa = PBXBuildFile; fileRef = B45E4E62ADE2B9E82C5A3A9C /* AnglesApp.swift */; };
		6B24BAA80221DF85876BB30A /* APIClient.swift in Sources */ = {isa = PBXBuildFile; fileRef = B1EBC59EB491832949278518 /* APIClient.swift */; };
		729FFDBB623CD8F34166D309 /* ComposeSheetView.swift in Sources */ = {isa = PBXBuildFile; fileRef = 338BBAF549C7C6A460D8E916 /* ComposeSheetView.swift */; };
		7A3DEDB378C1DC7A7374455E /* AppearanceView.swift in Sources */ = {isa = PBXBuildFile; fileRef = CD7F6CB2C1D8F7F652BDB9D2 /* AppearanceView.swift */; };
		830C5D21D51989E70ADBBE4E /* HomeViewModel.swift in Sources */ = {isa = PBXBuildFile; fileRef = 4DC445BA0D93B443DB9B4A47 /* HomeViewModel.swift */; };
		9250AFB12DAA792D0501ADD1 /* AppConfig.swift in Sources */ = {isa = PBXBuildFile; fileRef = 54D41A915BA4E64DDB56C6E4 /* AppConfig.swift */; };
		978F70E4AF9710D51182498C /* UserAppearance.swift in Sources */ = {isa = PBXBuildFile; fileRef = 657231FF50708210A4AA9FDD /* UserAppearance.swift */; };
		A0DC6882BC1FBF3E1AEF243F /* DrawerStubView.swift in Sources */ = {isa = PBXBuildFile; fileRef = 6A473004998C2F650FCA971D /* DrawerStubView.swift */; };
		A1C1D453B6464DB6C697F341 /* HomePalette.swift in Sources */ = {isa = PBXBuildFile; fileRef = CECAAC54ED5DE586764B6970 /* HomePalette.swift */; };
		A72468A7C749E204738C1D2C /* Assets.xcassets in Resources */ = {isa = PBXBuildFile; fileRef = B13ED3B345E39F024359E6C0 /* Assets.xcassets */; };
		A8E5CE95B5569923D76BD7AD /* RefineMock.swift in Sources */ = {isa = PBXBuildFile; fileRef = 9F57743D37B0E0BE75EB3659 /* RefineMock.swift */; };
		ACF747D184DD8A0A4227F2A2 /* SettingsView.swift in Sources */ = {isa = PBXBuildFile; fileRef = C2E7672808B0467D2BBC1FD8 /* SettingsView.swift */; };
		C7C3DDB068AD323DEEAB4E6C /* FavoritesView.swift in Sources */ = {isa = PBXBuildFile; fileRef = D61A48E316801DBEEA30F09A /* FavoritesView.swift */; };
		C98539C9157F9AF96E5D7E1E /* HomeView.swift in Sources */ = {isa = PBXBuildFile; fileRef = 564F37666F47FDFD54D03D2D /* HomeView.swift */; };
		E83057385FC38949F84A84A3 /* ModalScreen.swift in Sources */ = {isa = PBXBuildFile; fileRef = 4942662F18BCD7F2D9B6A32F /* ModalScreen.swift */; };
		EBDA2E1E27376A11583D19E9 /* AccentPickerView.swift in Sources */ = {isa = PBXBuildFile; fileRef = 55FA361F0152E1F3C2D2333F /* AccentPickerView.swift */; };
		F5DE75546333F483E1916DD4 /* ColorTokens.swift in Sources */ = {isa = PBXBuildFile; fileRef = 551EA9251B494B0E82C36D47 /* ColorTokens.swift */; };
/* End PBXBuildFile section */

/* Begin PBXFileReference section */
		03485114E1C729FE4BB7383D /* Info.plist */ = {isa = PBXFileReference; lastKnownFileType = text.plist; path = Info.plist; sourceTree = "<group>"; };
		277F500C2565CC7DF5621C5A /* Angles.icon */ = {isa = PBXFileReference; lastKnownFileType = wrapper.icon; path = Angles.icon; sourceTree = "<group>"; };
		338BBAF549C7C6A460D8E916 /* ComposeSheetView.swift */ = {isa = PBXFileReference; lastKnownFileType = sourcecode.swift; path = ComposeSheetView.swift; sourceTree = "<group>"; };
		3726E6089528365BA6EC3BA8 /* AnglesApp.app */ = {isa = PBXFileReference; includeInIndex = 0; lastKnownFileType = wrapper.application; path = AnglesApp.app; sourceTree = BUILT_PRODUCTS_DIR; };
		40B602E536EA39A5C8524CE6 /* ReframeService.swift */ = {isa = PBXFileReference; lastKnownFileType = sourcecode.swift; path = ReframeService.swift; sourceTree = "<group>"; };
		4942662F18BCD7F2D9B6A32F /* ModalScreen.swift */ = {isa = PBXFileReference; lastKnownFileType = sourcecode.swift; path = ModalScreen.swift; sourceTree = "<group>"; };
		4DC445BA0D93B443DB9B4A47 /* HomeViewModel.swift */ = {isa = PBXFileReference; lastKnownFileType = sourcecode.swift; path = HomeViewModel.swift; sourceTree = "<group>"; };
		54D41A915BA4E64DDB56C6E4 /* AppConfig.swift */ = {isa = PBXFileReference; lastKnownFileType = sourcecode.swift; path = AppConfig.swift; sourceTree = "<group>"; };
		551EA9251B494B0E82C36D47 /* ColorTokens.swift */ = {isa = PBXFileReference; lastKnownFileType = sourcecode.swift; path = ColorTokens.swift; sourceTree = "<group>"; };
		55FA361F0152E1F3C2D2333F /* AccentPickerView.swift */ = {isa = PBXFileReference; lastKnownFileType = sourcecode.swift; path = AccentPickerView.swift; sourceTree = "<group>"; };
		564F37666F47FDFD54D03D2D /* HomeView.swift */ = {isa = PBXFileReference; lastKnownFileType = sourcecode.swift; path = HomeView.swift; sourceTree = "<group>"; };
		657231FF50708210A4AA9FDD /* UserAppearance.swift */ = {isa = PBXFileReference; lastKnownFileType = sourcecode.swift; path = UserAppearance.swift; sourceTree = "<group>"; };
		6A473004998C2F650FCA971D /* DrawerStubView.swift */ = {isa = PBXFileReference; lastKnownFileType = sourcecode.swift; path = DrawerStubView.swift; sourceTree = "<group>"; };
		81C5B019F4524ED6129C8297 /* HomeCardGrid.swift */ = {isa = PBXFileReference; lastKnownFileType = sourcecode.swift; path = HomeCardGrid.swift; sourceTree = "<group>"; };
		9B6CE33C2217655B2170B5F3 /* LlmModel.swift */ = {isa = PBXFileReference; lastKnownFileType = sourcecode.swift; path = LlmModel.swift; sourceTree = "<group>"; };
		9F57743D37B0E0BE75EB3659 /* RefineMock.swift */ = {isa = PBXFileReference; lastKnownFileType = sourcecode.swift; path = RefineMock.swift; sourceTree = "<group>"; };
		A0EF2F1C21B891438C1DAF91 /* ProfileView.swift */ = {isa = PBXFileReference; lastKnownFileType = sourcecode.swift; path = ProfileView.swift; sourceTree = "<group>"; };
		A8FD8BC5000AAF5A8F714129 /* CircleIcon.swift */ = {isa = PBXFileReference; lastKnownFileType = sourcecode.swift; path = CircleIcon.swift; sourceTree = "<group>"; };
		B05847EC66A8A1B53179B539 /* ReframeCardView.swift */ = {isa = PBXFileReference; lastKnownFileType = sourcecode.swift; path = ReframeCardView.swift; sourceTree = "<group>"; };
		B13ED3B345E39F024359E6C0 /* Assets.xcassets */ = {isa = PBXFileReference; lastKnownFileType = folder.assetcatalog; path = Assets.xcassets; sourceTree = "<group>"; };
		B1EBC59EB491832949278518 /* APIClient.swift */ = {isa = PBXFileReference; lastKnownFileType = sourcecode.swift; path = APIClient.swift; sourceTree = "<group>"; };
		B3956722F5CD9FC2607E738A /* RootTabBar.swift */ = {isa = PBXFileReference; lastKnownFileType = sourcecode.swift; path = RootTabBar.swift; sourceTree = "<group>"; };
		B45E4E62ADE2B9E82C5A3A9C /* AnglesApp.swift */ = {isa = PBXFileReference; lastKnownFileType = sourcecode.swift; path = AnglesApp.swift; sourceTree = "<group>"; };
		C2E7672808B0467D2BBC1FD8 /* SettingsView.swift */ = {isa = PBXFileReference; lastKnownFileType = sourcecode.swift; path = SettingsView.swift; sourceTree = "<group>"; };
		C7A09FCFDA785F5BCECCFC73 /* ThemeStore.swift */ = {isa = PBXFileReference; lastKnownFileType = sourcecode.swift; path = ThemeStore.swift; sourceTree = "<group>"; };
		CD7F6CB2C1D8F7F652BDB9D2 /* AppearanceView.swift */ = {isa = PBXFileReference; lastKnownFileType = sourcecode.swift; path = AppearanceView.swift; sourceTree = "<group>"; };
		CECAAC54ED5DE586764B6970 /* HomePalette.swift */ = {isa = PBXFileReference; lastKnownFileType = sourcecode.swift; path = HomePalette.swift; sourceTree = "<group>"; };
		D61A48E316801DBEEA30F09A /* FavoritesView.swift */ = {isa = PBXFileReference; lastKnownFileType = sourcecode.swift; path = FavoritesView.swift; sourceTree = "<group>"; };
		DB51DAEEE790AFEA4D8A659B /* AccentPalette.swift */ = {isa = PBXFileReference; lastKnownFileType = sourcecode.swift; path = AccentPalette.swift; sourceTree = "<group>"; };
		F2D55F6643C769B38928FD8B /* ReframeModels.swift */ = {isa = PBXFileReference; lastKnownFileType = sourcecode.swift; path = ReframeModels.swift; sourceTree = "<group>"; };
/* End PBXFileReference section */

/* Begin PBXGroup section */
		0015A8A62717D6248D7BE219 /* Networking */ = {
			isa = PBXGroup;
			children = (
				B1EBC59EB491832949278518 /* APIClient.swift */,
				40B602E536EA39A5C8524CE6 /* ReframeService.swift */,
			);
			path = Networking;
			sourceTree = "<group>";
		};
		012C5054BE598FCD6B7B32D6 /* Config */ = {
			isa = PBXGroup;
			children = (
				54D41A915BA4E64DDB56C6E4 /* AppConfig.swift */,
			);
			path = Config;
			sourceTree = "<group>";
		};
		2157775442BD938B1D553050 /* Theme */ = {
			isa = PBXGroup;
			children = (
				DB51DAEEE790AFEA4D8A659B /* AccentPalette.swift */,
				A8FD8BC5000AAF5A8F714129 /* CircleIcon.swift */,
				551EA9251B494B0E82C36D47 /* ColorTokens.swift */,
				4942662F18BCD7F2D9B6A32F /* ModalScreen.swift */,
				C7A09FCFDA785F5BCECCFC73 /* ThemeStore.swift */,
				657231FF50708210A4AA9FDD /* UserAppearance.swift */,
			);
			path = Theme;
			sourceTree = "<group>";
		};
		36A7FDF3680174422F75E625 /* Products */ = {
			isa = PBXGroup;
			children = (
				3726E6089528365BA6EC3BA8 /* AnglesApp.app */,
			);
			name = Products;
			sourceTree = "<group>";
		};
		3817F9C2798DE0FC018778ED = {
			isa = PBXGroup;
			children = (
				E5867170AF5329B3B1527D6E /* AnglesApp */,
				36A7FDF3680174422F75E625 /* Products */,
			);
			sourceTree = "<group>";
		};
		A1EEEC4B1AED5D4B34FC7B21 /* Settings */ = {
			isa = PBXGroup;
			children = (
				55FA361F0152E1F3C2D2333F /* AccentPickerView.swift */,
				CD7F6CB2C1D8F7F652BDB9D2 /* AppearanceView.swift */,
				C2E7672808B0467D2BBC1FD8 /* SettingsView.swift */,
			);
			path = Settings;
			sourceTree = "<group>";
		};
		B6B237C79F6DE4D015CCAE8C /* Models */ = {
			isa = PBXGroup;
			children = (
				9B6CE33C2217655B2170B5F3 /* LlmModel.swift */,
				F2D55F6643C769B38928FD8B /* ReframeModels.swift */,
			);
			path = Models;
			sourceTree = "<group>";
		};
		B76BADF40D79DBF4341405FC /* Root */ = {
			isa = PBXGroup;
			children = (
				B3956722F5CD9FC2607E738A /* RootTabBar.swift */,
			);
			path = Root;
			sourceTree = "<group>";
		};
		D295652A17D76C4EDC80DF36 /* Home */ = {
			isa = PBXGroup;
			children = (
				338BBAF549C7C6A460D8E916 /* ComposeSheetView.swift */,
				6A473004998C2F650FCA971D /* DrawerStubView.swift */,
				D61A48E316801DBEEA30F09A /* FavoritesView.swift */,
				81C5B019F4524ED6129C8297 /* HomeCardGrid.swift */,
				CECAAC54ED5DE586764B6970 /* HomePalette.swift */,
				564F37666F47FDFD54D03D2D /* HomeView.swift */,
				4DC445BA0D93B443DB9B4A47 /* HomeViewModel.swift */,
				A0EF2F1C21B891438C1DAF91 /* ProfileView.swift */,
				9F57743D37B0E0BE75EB3659 /* RefineMock.swift */,
				B05847EC66A8A1B53179B539 /* ReframeCardView.swift */,
			);
			path = Home;
			sourceTree = "<group>";
		};
		E5867170AF5329B3B1527D6E /* AnglesApp */ = {
			isa = PBXGroup;
			children = (
				277F500C2565CC7DF5621C5A /* Angles.icon */,
				B45E4E62ADE2B9E82C5A3A9C /* AnglesApp.swift */,
				B13ED3B345E39F024359E6C0 /* Assets.xcassets */,
				03485114E1C729FE4BB7383D /* Info.plist */,
				012C5054BE598FCD6B7B32D6 /* Config */,
				D295652A17D76C4EDC80DF36 /* Home */,
				B6B237C79F6DE4D015CCAE8C /* Models */,
				0015A8A62717D6248D7BE219 /* Networking */,
				B76BADF40D79DBF4341405FC /* Root */,
				A1EEEC4B1AED5D4B34FC7B21 /* Settings */,
				2157775442BD938B1D553050 /* Theme */,
			);
			path = AnglesApp;
			sourceTree = "<group>";
		};
/* End PBXGroup section */

/* Begin PBXNativeTarget section */
		A5CD102802C54AA739FBF3A1 /* AnglesApp */ = {
			isa = PBXNativeTarget;
			buildConfigurationList = 614458DE2D57E48748FB8378 /* Build configuration list for PBXNativeTarget "AnglesApp" */;
			buildPhases = (
				BE1F0821CE8B8D26D9828CBC /* Sources */,
				C5D3EAB2B5DE51B0A4E26F7C /* Resources */,
			);
			buildRules = (
			);
			dependencies = (
			);
			name = AnglesApp;
			packageProductDependencies = (
			);
			productName = AnglesApp;
			productReference = 3726E6089528365BA6EC3BA8 /* AnglesApp.app */;
			productType = "com.apple.product-type.application";
		};
/* End PBXNativeTarget section */

/* Begin PBXProject section */
		F75451B2349893709BB6C782 /* Project object */ = {
			isa = PBXProject;
			attributes = {
				BuildIndependentTargetsInParallel = YES;
				LastUpgradeCheck = 1430;
				TargetAttributes = {
					A5CD102802C54AA739FBF3A1 = {
						DevelopmentTeam = 36U79UTZM9;
						ProvisioningStyle = Automatic;
					};
				};
			};
			buildConfigurationList = E27A0C7BD36B8B1CACDF0B30 /* Build configuration list for PBXProject "AnglesApp" */;
			developmentRegion = en;
			hasScannedForEncodings = 0;
			knownRegions = (
				Base,
				en,
			);
			mainGroup = 3817F9C2798DE0FC018778ED;
			minimizedProjectReferenceProxies = 1;
			preferredProjectObjectVersion = 77;
			productRefGroup = 36A7FDF3680174422F75E625 /* Products */;
			projectDirPath = "";
			projectRoot = "";
			targets = (
				A5CD102802C54AA739FBF3A1 /* AnglesApp */,
			);
		};
/* End PBXProject section */

/* Begin PBXResourcesBuildPhase section */
		C5D3EAB2B5DE51B0A4E26F7C /* Resources */ = {
			isa = PBXResourcesBuildPhase;
			buildActionMask = 2147483647;
			files = (
				2EB391598577F25425C75DFF /* Angles.icon in Resources */,
				A72468A7C749E204738C1D2C /* Assets.xcassets in Resources */,
			);
			runOnlyForDeploymentPostprocessing = 0;
		};
/* End PBXResourcesBuildPhase section */

/* Begin PBXSourcesBuildPhase section */
		BE1F0821CE8B8D26D9828CBC /* Sources */ = {
			isa = PBXSourcesBuildPhase;
			buildActionMask = 2147483647;
			files = (
				6B24BAA80221DF85876BB30A /* APIClient.swift in Sources */,
				23F467865BB541A745FA9322 /* AccentPalette.swift in Sources */,
				EBDA2E1E27376A11583D19E9 /* AccentPickerView.swift in Sources */,
				48DB5A27A5D5F15D823FF1E3 /* AnglesApp.swift in Sources */,
				9250AFB12DAA792D0501ADD1 /* AppConfig.swift in Sources */,
				7A3DEDB378C1DC7A7374455E /* AppearanceView.swift in Sources */,
				475145B436D0C0DA04FC256B /* CircleIcon.swift in Sources */,
				F5DE75546333F483E1916DD4 /* ColorTokens.swift in Sources */,
				729FFDBB623CD8F34166D309 /* ComposeSheetView.swift in Sources */,
				A0DC6882BC1FBF3E1AEF243F /* DrawerStubView.swift in Sources */,
				C7C3DDB068AD323DEEAB4E6C /* FavoritesView.swift in Sources */,
				2779E2EB32F85742922E9932 /* HomeCardGrid.swift in Sources */,
				A1C1D453B6464DB6C697F341 /* HomePalette.swift in Sources */,
				C98539C9157F9AF96E5D7E1E /* HomeView.swift in Sources */,
				830C5D21D51989E70ADBBE4E /* HomeViewModel.swift in Sources */,
				01AF1E84E1E39FDEDE63AF92 /* LlmModel.swift in Sources */,
				E83057385FC38949F84A84A3 /* ModalScreen.swift in Sources */,
				01A8AEC059C1A4D61340EAB5 /* ProfileView.swift in Sources */,
				A8E5CE95B5569923D76BD7AD /* RefineMock.swift in Sources */,
				327D88731148A1E04A936513 /* ReframeCardView.swift in Sources */,
				3757699E99EFAA8E1CC7BC52 /* ReframeModels.swift in Sources */,
				2984AA64204BC95B478A7D30 /* ReframeService.swift in Sources */,
				1D22451B85DD4655BFC0D891 /* RootTabBar.swift in Sources */,
				ACF747D184DD8A0A4227F2A2 /* SettingsView.swift in Sources */,
				26A08E6364A8DE4F54636D29 /* ThemeStore.swift in Sources */,
				978F70E4AF9710D51182498C /* UserAppearance.swift in Sources */,
			);
			runOnlyForDeploymentPostprocessing = 0;
		};
/* End PBXSourcesBuildPhase section */

/* Begin XCBuildConfiguration section */
		26E14BB339A7A13BBFAFEA18 /* Release */ = {
			isa = XCBuildConfiguration;
			buildSettings = {
				ALWAYS_SEARCH_USER_PATHS = NO;
				CLANG_ANALYZER_NONNULL = YES;
				CLANG_ANALYZER_NUMBER_OBJECT_CONVERSION = YES_AGGRESSIVE;
				CLANG_CXX_LANGUAGE_STANDARD = "gnu++14";
				CLANG_CXX_LIBRARY = "libc++";
				CLANG_ENABLE_MODULES = YES;
				CLANG_ENABLE_OBJC_ARC = YES;
				CLANG_ENABLE_OBJC_WEAK = YES;
				CLANG_WARN_BLOCK_CAPTURE_AUTORELEASING = YES;
				CLANG_WARN_BOOL_CONVERSION = YES;
				CLANG_WARN_COMMA = YES;
				CLANG_WARN_CONSTANT_CONVERSION = YES;
				CLANG_WARN_DEPRECATED_OBJC_IMPLEMENTATIONS = YES;
				CLANG_WARN_DIRECT_OBJC_ISA_USAGE = YES_ERROR;
				CLANG_WARN_DOCUMENTATION_COMMENTS = YES;
				CLANG_WARN_EMPTY_BODY = YES;
				CLANG_WARN_ENUM_CONVERSION = YES;
				CLANG_WARN_INFINITE_RECURSION = YES;
				CLANG_WARN_INT_CONVERSION = YES;
				CLANG_WARN_NON_LITERAL_NULL_CONVERSION = YES;
				CLANG_WARN_OBJC_IMPLICIT_RETAIN_SELF = YES;
				CLANG_WARN_OBJC_LITERAL_CONVERSION = YES;
				CLANG_WARN_OBJC_ROOT_CLASS = YES_ERROR;
				CLANG_WARN_QUOTED_INCLUDE_IN_FRAMEWORK_HEADER = YES;
				CLANG_WARN_RANGE_LOOP_ANALYSIS = YES;
				CLANG_WARN_STRICT_PROTOTYPES = YES;
				CLANG_WARN_SUSPICIOUS_MOVE = YES;
				CLANG_WARN_UNGUARDED_AVAILABILITY = YES_AGGRESSIVE;
				CLANG_WARN_UNREACHABLE_CODE = YES;
				CLANG_WARN__DUPLICATE_METHOD_MATCH = YES;
				COPY_PHASE_STRIP = NO;
				DEBUG_INFORMATION_FORMAT = "dwarf-with-dsym";
				ENABLE_NS_ASSERTIONS = NO;
				ENABLE_STRICT_OBJC_MSGSEND = YES;
				GCC_C_LANGUAGE_STANDARD = gnu11;
				GCC_NO_COMMON_BLOCKS = YES;
				GCC_WARN_64_TO_32_BIT_CONVERSION = YES;
				GCC_WARN_ABOUT_RETURN_TYPE = YES_ERROR;
				GCC_WARN_UNDECLARED_SELECTOR = YES;
				GCC_WARN_UNINITIALIZED_AUTOS = YES_AGGRESSIVE;
				GCC_WARN_UNUSED_FUNCTION = YES;
				GCC_WARN_UNUSED_VARIABLE = YES;
				IPHONEOS_DEPLOYMENT_TARGET = 17.0;
				MTL_ENABLE_DEBUG_INFO = NO;
				MTL_FAST_MATH = YES;
				PRODUCT_NAME = "$(TARGET_NAME)";
				SDKROOT = iphoneos;
				SWIFT_COMPILATION_MODE = wholemodule;
				SWIFT_OPTIMIZATION_LEVEL = "-O";
				SWIFT_VERSION = 5.0;
				TARGETED_DEVICE_FAMILY = 1;
			};
			name = Release;
		};
		C916BAF0870AFE8731640875 /* Debug */ = {
			isa = XCBuildConfiguration;
			buildSettings = {
				ALWAYS_SEARCH_USER_PATHS = NO;
				CLANG_ANALYZER_NONNULL = YES;
				CLANG_ANALYZER_NUMBER_OBJECT_CONVERSION = YES_AGGRESSIVE;
				CLANG_CXX_LANGUAGE_STANDARD = "gnu++14";
				CLANG_CXX_LIBRARY = "libc++";
				CLANG_ENABLE_MODULES = YES;
				CLANG_ENABLE_OBJC_ARC = YES;
				CLANG_ENABLE_OBJC_WEAK = YES;
				CLANG_WARN_BLOCK_CAPTURE_AUTORELEASING = YES;
				CLANG_WARN_BOOL_CONVERSION = YES;
				CLANG_WARN_COMMA = YES;
				CLANG_WARN_CONSTANT_CONVERSION = YES;
				CLANG_WARN_DEPRECATED_OBJC_IMPLEMENTATIONS = YES;
				CLANG_WARN_DIRECT_OBJC_ISA_USAGE = YES_ERROR;
				CLANG_WARN_DOCUMENTATION_COMMENTS = YES;
				CLANG_WARN_EMPTY_BODY = YES;
				CLANG_WARN_ENUM_CONVERSION = YES;
				CLANG_WARN_INFINITE_RECURSION = YES;
				CLANG_WARN_INT_CONVERSION = YES;
				CLANG_WARN_NON_LITERAL_NULL_CONVERSION = YES;
				CLANG_WARN_OBJC_IMPLICIT_RETAIN_SELF = YES;
				CLANG_WARN_OBJC_LITERAL_CONVERSION = YES;
				CLANG_WARN_OBJC_ROOT_CLASS = YES_ERROR;
				CLANG_WARN_QUOTED_INCLUDE_IN_FRAMEWORK_HEADER = YES;
				CLANG_WARN_RANGE_LOOP_ANALYSIS = YES;
				CLANG_WARN_STRICT_PROTOTYPES = YES;
				CLANG_WARN_SUSPICIOUS_MOVE = YES;
				CLANG_WARN_UNGUARDED_AVAILABILITY = YES_AGGRESSIVE;
				CLANG_WARN_UNREACHABLE_CODE = YES;
				CLANG_WARN__DUPLICATE_METHOD_MATCH = YES;
				COPY_PHASE_STRIP = NO;
				DEBUG_INFORMATION_FORMAT = dwarf;
				ENABLE_STRICT_OBJC_MSGSEND = YES;
				ENABLE_TESTABILITY = YES;
				GCC_C_LANGUAGE_STANDARD = gnu11;
				GCC_DYNAMIC_NO_PIC = NO;
				GCC_NO_COMMON_BLOCKS = YES;
				GCC_OPTIMIZATION_LEVEL = 0;
				GCC_PREPROCESSOR_DEFINITIONS = (
					"$(inherited)",
					"DEBUG=1",
				);
				GCC_WARN_64_TO_32_BIT_CONVERSION = YES;
				GCC_WARN_ABOUT_RETURN_TYPE = YES_ERROR;
				GCC_WARN_UNDECLARED_SELECTOR = YES;
				GCC_WARN_UNINITIALIZED_AUTOS = YES_AGGRESSIVE;
				GCC_WARN_UNUSED_FUNCTION = YES;
				GCC_WARN_UNUSED_VARIABLE = YES;
				IPHONEOS_DEPLOYMENT_TARGET = 17.0;
				MTL_ENABLE_DEBUG_INFO = INCLUDE_SOURCE;
				MTL_FAST_MATH = YES;
				ONLY_ACTIVE_ARCH = YES;
				PRODUCT_NAME = "$(TARGET_NAME)";
				SDKROOT = iphoneos;
				SWIFT_ACTIVE_COMPILATION_CONDITIONS = DEBUG;
				SWIFT_OPTIMIZATION_LEVEL = "-Onone";
				SWIFT_VERSION = 5.0;
				TARGETED_DEVICE_FAMILY = 1;
			};
			name = Debug;
		};
		DC734D6AFDB0E17E76DEB8D4 /* Debug */ = {
			isa = XCBuildConfiguration;
			buildSettings = {
				ASSETCATALOG_COMPILER_APPICON_NAME = Angles;
				CODE_SIGN_IDENTITY = "iPhone Developer";
				CODE_SIGN_STYLE = Automatic;
				CURRENT_PROJECT_VERSION = 1;
				DEVELOPMENT_TEAM = 36U79UTZM9;
				GENERATE_INFOPLIST_FILE = NO;
				INFOPLIST_FILE = AnglesApp/Info.plist;
				LD_RUNPATH_SEARCH_PATHS = (
					"$(inherited)",
					"@executable_path/Frameworks",
				);
				MARKETING_VERSION = 0.1.0;
				PRODUCT_BUNDLE_IDENTIFIER = app.angles.ios;
				PRODUCT_NAME = Angles;
				SDKROOT = iphoneos;
				TARGETED_DEVICE_FAMILY = 1;
			};
			name = Debug;
		};
		E3588CB560464FC2B28698D1 /* Release */ = {
			isa = XCBuildConfiguration;
			buildSettings = {
				ASSETCATALOG_COMPILER_APPICON_NAME = Angles;
				CODE_SIGN_IDENTITY = "iPhone Developer";
				CODE_SIGN_STYLE = Automatic;
				CURRENT_PROJECT_VERSION = 1;
				DEVELOPMENT_TEAM = 36U79UTZM9;
				GENERATE_INFOPLIST_FILE = NO;
				INFOPLIST_FILE = AnglesApp/Info.plist;
				LD_RUNPATH_SEARCH_PATHS = (
					"$(inherited)",
					"@executable_path/Frameworks",
				);
				MARKETING_VERSION = 0.1.0;
				PRODUCT_BUNDLE_IDENTIFIER = app.angles.ios;
				PRODUCT_NAME = Angles;
				SDKROOT = iphoneos;
				TARGETED_DEVICE_FAMILY = 1;
			};
			name = Release;
		};
/* End XCBuildConfiguration section */

/* Begin XCConfigurationList section */
		614458DE2D57E48748FB8378 /* Build configuration list for PBXNativeTarget "AnglesApp" */ = {
			isa = XCConfigurationList;
			buildConfigurations = (
				DC734D6AFDB0E17E76DEB8D4 /* Debug */,
				E3588CB560464FC2B28698D1 /* Release */,
			);
			defaultConfigurationIsVisible = 0;
			defaultConfigurationName = Debug;
		};
		E27A0C7BD36B8B1CACDF0B30 /* Build configuration list for PBXProject "AnglesApp" */ = {
			isa = XCConfigurationList;
			buildConfigurations = (
				C916BAF0870AFE8731640875 /* Debug */,
				26E14BB339A7A13BBFAFEA18 /* Release */,
			);
			defaultConfigurationIsVisible = 0;
			defaultConfigurationName = Debug;
		};
/* End XCConfigurationList section */
	};
	rootObject = F75451B2349893709BB6C782 /* Project object */;
}
